{
  "version": 4,
  "terraform_version": "1.10.5",
  "serial": 178,
  "lineage": "dbf6b8d2-e81a-cd9d-300d-eb30feba17b1",
  "outputs": {},
  "resources": [
    {
      "mode": "data",
      "type": "kubectl_file_documents",
      "name": "backend",
      "provider": "provider[\"registry.terraform.io/gavinbunney/kubectl\"]",
      "instances": [
        {
          "schema_version": 0,
          "attributes": {
            "content": "apiVersion: apps/v1\r\nkind: Deployment\r\nmetadata:\r\n  name: backend-deployment\r\nspec:\r\n  replicas: 2\r\n  selector:\r\n    matchLabels:\r\n      app: backend\r\n  template:\r\n    metadata:\r\n      labels:\r\n        app: backend\r\n    spec:\r\n      containers:\r\n      - name: backend\r\n        image: backend-service:latest\r\n        imagePullPolicy: Never\r\n        ports:\r\n        - containerPort: 5000\r\n---\r\napiVersion: v1\r\nkind: Service\r\nmetadata:\r\n  name: backend-service\r\nspec:\r\n  type: ClusterIP\r\n  selector:\r\n    app: backend\r\n  ports:\r\n    - port: 5000\r\n      targetPort: 5000",
            "documents": [
              "apiVersion: apps/v1\r\nkind: Deployment\r\nmetadata:\r\n  name: backend-deployment\r\nspec:\r\n  replicas: 2\r\n  selector:\r\n    matchLabels:\r\n      app: backend\r\n  template:\r\n    metadata:\r\n      labels:\r\n        app: backend\r\n    spec:\r\n      containers:\r\n      - name: backend\r\n        image: backend-service:latest\r\n        imagePullPolicy: Never\r\n        ports:\r\n        - containerPort: 5000",
              "apiVersion: v1\r\nkind: Service\r\nmetadata:\r\n  name: backend-service\r\nspec:\r\n  type: ClusterIP\r\n  selector:\r\n    app: backend\r\n  ports:\r\n    - port: 5000\r\n      targetPort: 5000"
            ],
            "id": "51a7f8f8dd44694d7f522e79e8f7e0e59f0295153fb73b2093e16cc74fb3ff78",
            "manifests": {
              "/api/v1/services/backend-service": "apiVersion: v1\nkind: Service\nmetadata:\n  name: backend-service\nspec:\n  ports:\n  - port: 5000\n    targetPort: 5000\n  selector:\n    app: backend\n  type: ClusterIP\n",
              "/apis/apps/v1/deployments/backend-deployment": "apiVersion: apps/v1\nkind: Deployment\nmetadata:\n  name: backend-deployment\nspec:\n  replicas: 2\n  selector:\n    matchLabels:\n      app: backend\n  template:\n    metadata:\n      labels:\n        app: backend\n    spec:\n      containers:\n      - image: backend-service:latest\n        imagePullPolicy: Never\n        name: backend\n        ports:\n        - containerPort: 5000\n"
            }
          },
          "sensitive_attributes": []
        }
      ]
    },
    {
      "mode": "data",
      "type": "kubectl_file_documents",
      "name": "graph",
      "provider": "provider[\"registry.terraform.io/gavinbunney/kubectl\"]",
      "instances": [
        {
          "schema_version": 0,
          "attributes": {
            "content": "apiVersion: apps/v1\r\nkind: Deployment\r\nmetadata:\r\n  name: graph-deployment\r\nspec:\r\n  replicas: 2\r\n  selector:\r\n    matchLabels:\r\n      app: graph\r\n  template:\r\n    metadata:\r\n      labels:\r\n        app: graph\r\n    spec:\r\n      containers:\r\n      - name: graph\r\n        image: graph-service:latest\r\n        imagePullPolicy: Never\r\n        ports:\r\n        - containerPort: 5003\r\n---\r\napiVersion: v1\r\nkind: Service\r\nmetadata:\r\n  name: graph-service\r\nspec:\r\n  type: ClusterIP\r\n  selector:\r\n    app: graph\r\n  ports:\r\n    - port: 5003\r\n      targetPort: 5003",
            "documents": [
              "apiVersion: apps/v1\r\nkind: Deployment\r\nmetadata:\r\n  name: graph-deployment\r\nspec:\r\n  replicas: 2\r\n  selector:\r\n    matchLabels:\r\n      app: graph\r\n  template:\r\n    metadata:\r\n      labels:\r\n        app: graph\r\n    spec:\r\n      containers:\r\n      - name: graph\r\n        image: graph-service:latest\r\n        imagePullPolicy: Never\r\n        ports:\r\n        - containerPort: 5003",
              "apiVersion: v1\r\nkind: Service\r\nmetadata:\r\n  name: graph-service\r\nspec:\r\n  type: ClusterIP\r\n  selector:\r\n    app: graph\r\n  ports:\r\n    - port: 5003\r\n      targetPort: 5003"
            ],
            "id": "57ba8cca77286798cf396f00677d939fa06e09d914e807a7e2645a7b87825695",
            "manifests": {
              "/api/v1/services/graph-service": "apiVersion: v1\nkind: Service\nmetadata:\n  name: graph-service\nspec:\n  ports:\n  - port: 5003\n    targetPort: 5003\n  selector:\n    app: graph\n  type: ClusterIP\n",
              "/apis/apps/v1/deployments/graph-deployment": "apiVersion: apps/v1\nkind: Deployment\nmetadata:\n  name: graph-deployment\nspec:\n  replicas: 2\n  selector:\n    matchLabels:\n      app: graph\n  template:\n    metadata:\n      labels:\n        app: graph\n    spec:\n      containers:\n      - image: graph-service:latest\n        imagePullPolicy: Never\n        name: graph\n        ports:\n        - containerPort: 5003\n"
            }
          },
          "sensitive_attributes": []
        }
      ]
    },
    {
      "mode": "data",
      "type": "kubectl_file_documents",
      "name": "ingress",
      "provider": "provider[\"registry.terraform.io/gavinbunney/kubectl\"]",
      "instances": [
        {
          "schema_version": 0,
          "attributes": {
            "content": "apiVersion: networking.k8s.io/v1\r\nkind: Ingress\r\nmetadata:\r\n  name: main-ingress\r\n  annotations:\r\n    kubernetes.io/ingress.class: nginx\r\n    # This line is CRITICAL: it removes '/api' before sending to Python\r\n    nginx.ingress.kubernetes.io/rewrite-target: /$2\r\nspec:\r\n  rules:\r\n    - http:\r\n        paths:\r\n          # Frontend (UI)\r\n          - path: /\r\n            pathType: Prefix\r\n            backend:\r\n              service:\r\n                name: ui-service\r\n                port:\r\n                  number: 80\r\n\r\n          # Backend (API) - Notes the regex group (.*)\r\n          - path: /api(/|$)(.*)\r\n            pathType: Prefix\r\n            backend:\r\n              service:\r\n                name: backend-service\r\n                port:\r\n                  number: 5000",
            "documents": [
              "apiVersion: networking.k8s.io/v1\r\nkind: Ingress\r\nmetadata:\r\n  name: main-ingress\r\n  annotations:\r\n    kubernetes.io/ingress.class: nginx\r\n    # This line is CRITICAL: it removes '/api' before sending to Python\r\n    nginx.ingress.kubernetes.io/rewrite-target: /$2\r\nspec:\r\n  rules:\r\n    - http:\r\n        paths:\r\n          # Frontend (UI)\r\n          - path: /\r\n            pathType: Prefix\r\n            backend:\r\n              service:\r\n                name: ui-service\r\n                port:\r\n                  number: 80\r\n\r\n          # Backend (API) - Notes the regex group (.*)\r\n          - path: /api(/|$)(.*)\r\n            pathType: Prefix\r\n            backend:\r\n              service:\r\n                name: backend-service\r\n                port:\r\n                  number: 5000"
            ],
            "id": "3de33377f18fd16748e6c3bdc29ccb82bd842f7d13e104ed8497e4096c35defe",
            "manifests": {
              "/apis/networking.k8s.io/v1/ingresses/main-ingress": "apiVersion: networking.k8s.io/v1\nkind: Ingress\nmetadata:\n  annotations:\n    kubernetes.io/ingress.class: nginx\n    nginx.ingress.kubernetes.io/rewrite-target: /$2\n  name: main-ingress\nspec:\n  rules:\n  - http:\n      paths:\n      - backend:\n          service:\n            name: ui-service\n            port:\n              number: 80\n        path: /\n        pathType: Prefix\n      - backend:\n          service:\n            name: backend-service\n            port:\n              number: 5000\n        path: /api(/|$)(.*)\n        pathType: Prefix\n"
            }
          },
          "sensitive_attributes": []
        }
      ]
    },
    {
      "mode": "data",
      "type": "kubectl_file_documents",
      "name": "ingress_controller",
      "provider": "provider[\"registry.terraform.io/gavinbunney/kubectl\"]",
      "instances": [
        {
          "schema_version": 0,
          "attributes": {
            "content": "apiVersion: v1\r\nkind: Namespace\r\nmetadata:\r\n  name: ingress-nginx\r\n---\r\napiVersion: v1\r\nkind: ServiceAccount\r\nmetadata:\r\n  name: ingress-nginx\r\n  namespace: ingress-nginx\r\n---\r\napiVersion: v1\r\nkind: Service\r\nmetadata:\r\n  name: ingress-nginx-controller\r\n  namespace: ingress-nginx\r\nspec:\r\n  type: NodePort\r\n  selector:\r\n    app: ingress-nginx\r\n  ports:\r\n    - name: http\r\n      port: 80\r\n      targetPort: 80\r\n      nodePort: 32080\r\n    - name: https\r\n      port: 443\r\n      targetPort: 443\r\n      nodePort: 32443\r\n---\r\napiVersion: apps/v1\r\nkind: Deployment\r\nmetadata:\r\n  name: ingress-nginx-controller\r\n  namespace: ingress-nginx\r\nspec:\r\n  replicas: 1\r\n  selector:\r\n    matchLabels:\r\n      app: ingress-nginx\r\n  template:\r\n    metadata:\r\n      labels:\r\n        app: ingress-nginx\r\n    spec:\r\n      serviceAccountName: ingress-nginx\r\n      containers:\r\n        - name: controller\r\n          image: registry.k8s.io/ingress-nginx/controller:v1.11.3\r\n          # --- FIX: Define Environment Variables ---\r\n          env:\r\n            - name: POD_NAME\r\n              valueFrom:\r\n                fieldRef:\r\n                  fieldPath: metadata.name\r\n            - name: POD_NAMESPACE\r\n              valueFrom:\r\n                fieldRef:\r\n                  fieldPath: metadata.namespace\r\n          args:\r\n            - /nginx-ingress-controller\r\n            - --publish-service=$(POD_NAMESPACE)/ingress-nginx-controller\r\n            - --election-id=ingress-controller-leader\r\n            - --ingress-class=nginx\r\n            - --configmap=$(POD_NAMESPACE)/ingress-nginx-controller\r\n          ports:\r\n            - name: http\r\n              containerPort: 80\r\n            - name: https\r\n              containerPort: 443\r\n          readinessProbe:\r\n            httpGet:\r\n              path: /healthz\r\n              port: 10254\r\n            periodSeconds: 3\r\n          livenessProbe:\r\n            httpGet:\r\n              path: /healthz\r\n              port: 10254\r\n            initialDelaySeconds: 10\r\n            periodSeconds: 5\r\n---\r\napiVersion: v1\r\nkind: ConfigMap\r\nmetadata:\r\n  name: ingress-nginx-controller\r\n  namespace: ingress-nginx\r\n---\r\napiVersion: networking.k8s.io/v1\r\nkind: IngressClass\r\nmetadata:\r\n  name: nginx\r\nspec:\r\n  controller: k8s.io/ingress-nginx\r\n---\r\napiVersion: rbac.authorization.k8s.io/v1\r\nkind: ClusterRole\r\nmetadata:\r\n  name: ingress-nginx\r\nrules:\r\n  - apiGroups: [\"\"]\r\n    resources: [\"configmaps\", \"endpoints\", \"nodes\", \"pods\", \"secrets\", \"services\", \"namespaces\"]\r\n    verbs: [\"list\", \"watch\", \"get\"]\r\n  - apiGroups: [\"\"]\r\n    resources: [\"configmaps\"]\r\n    verbs: [\"create\", \"update\"]\r\n  - apiGroups: [\"\"]\r\n    resources: [\"events\"]\r\n    verbs: [\"create\", \"patch\"]\r\n  - apiGroups: [\"networking.k8s.io\"]\r\n    resources: [\"ingresses\"]\r\n    verbs: [\"get\", \"list\", \"watch\"]\r\n  - apiGroups: [\"networking.k8s.io\"]\r\n    resources: [\"ingresses/status\"]\r\n    verbs: [\"update\"]\r\n  - apiGroups: [\"networking.k8s.io\"]\r\n    resources: [\"ingressclasses\"]\r\n    verbs: [\"get\", \"list\", \"watch\"]\r\n  - apiGroups: [\"coordination.k8s.io\"]\r\n    resources: [\"leases\"]\r\n    verbs: [\"list\", \"watch\", \"get\", \"create\", \"update\"]\r\n  - apiGroups: [\"discovery.k8s.io\"]\r\n    resources: [\"endpointslices\"]\r\n    verbs: [\"get\", \"list\", \"watch\"]\r\n---\r\napiVersion: rbac.authorization.k8s.io/v1\r\nkind: ClusterRoleBinding\r\nmetadata:\r\n  name: ingress-nginx\r\nroleRef:\r\n  apiGroup: rbac.authorization.k8s.io\r\n  kind: ClusterRole\r\n  name: ingress-nginx\r\nsubjects:\r\n  - kind: ServiceAccount\r\n    name: ingress-nginx\r\n    namespace: ingress-nginx",
            "documents": [
              "apiVersion: v1\r\nkind: Namespace\r\nmetadata:\r\n  name: ingress-nginx",
              "apiVersion: v1\r\nkind: ServiceAccount\r\nmetadata:\r\n  name: ingress-nginx\r\n  namespace: ingress-nginx",
              "apiVersion: v1\r\nkind: Service\r\nmetadata:\r\n  name: ingress-nginx-controller\r\n  namespace: ingress-nginx\r\nspec:\r\n  type: NodePort\r\n  selector:\r\n    app: ingress-nginx\r\n  ports:\r\n    - name: http\r\n      port: 80\r\n      targetPort: 80\r\n      nodePort: 32080\r\n    - name: https\r\n      port: 443\r\n      targetPort: 443\r\n      nodePort: 32443",
              "apiVersion: apps/v1\r\nkind: Deployment\r\nmetadata:\r\n  name: ingress-nginx-controller\r\n  namespace: ingress-nginx\r\nspec:\r\n  replicas: 1\r\n  selector:\r\n    matchLabels:\r\n      app: ingress-nginx\r\n  template:\r\n    metadata:\r\n      labels:\r\n        app: ingress-nginx\r\n    spec:\r\n      serviceAccountName: ingress-nginx\r\n      containers:\r\n        - name: controller\r\n          image: registry.k8s.io/ingress-nginx/controller:v1.11.3\r\n          # --- FIX: Define Environment Variables ---\r\n          env:\r\n            - name: POD_NAME\r\n              valueFrom:\r\n                fieldRef:\r\n                  fieldPath: metadata.name\r\n            - name: POD_NAMESPACE\r\n              valueFrom:\r\n                fieldRef:\r\n                  fieldPath: metadata.namespace\r\n          args:\r\n            - /nginx-ingress-controller\r\n            - --publish-service=$(POD_NAMESPACE)/ingress-nginx-controller\r\n            - --election-id=ingress-controller-leader\r\n            - --ingress-class=nginx\r\n            - --configmap=$(POD_NAMESPACE)/ingress-nginx-controller\r\n          ports:\r\n            - name: http\r\n              containerPort: 80\r\n            - name: https\r\n              containerPort: 443\r\n          readinessProbe:\r\n            httpGet:\r\n              path: /healthz\r\n              port: 10254\r\n            periodSeconds: 3\r\n          livenessProbe:\r\n            httpGet:\r\n              path: /healthz\r\n              port: 10254\r\n            initialDelaySeconds: 10\r\n            periodSeconds: 5",
              "apiVersion: v1\r\nkind: ConfigMap\r\nmetadata:\r\n  name: ingress-nginx-controller\r\n  namespace: ingress-nginx",
              "apiVersion: networking.k8s.io/v1\r\nkind: IngressClass\r\nmetadata:\r\n  name: nginx\r\nspec:\r\n  controller: k8s.io/ingress-nginx",
              "apiVersion: rbac.authorization.k8s.io/v1\r\nkind: ClusterRole\r\nmetadata:\r\n  name: ingress-nginx\r\nrules:\r\n  - apiGroups: [\"\"]\r\n    resources: [\"configmaps\", \"endpoints\", \"nodes\", \"pods\", \"secrets\", \"services\", \"namespaces\"]\r\n    verbs: [\"list\", \"watch\", \"get\"]\r\n  - apiGroups: [\"\"]\r\n    resources: [\"configmaps\"]\r\n    verbs: [\"create\", \"update\"]\r\n  - apiGroups: [\"\"]\r\n    resources: [\"events\"]\r\n    verbs: [\"create\", \"patch\"]\r\n  - apiGroups: [\"networking.k8s.io\"]\r\n    resources: [\"ingresses\"]\r\n    verbs: [\"get\", \"list\", \"watch\"]\r\n  - apiGroups: [\"networking.k8s.io\"]\r\n    resources: [\"ingresses/status\"]\r\n    verbs: [\"update\"]\r\n  - apiGroups: [\"networking.k8s.io\"]\r\n    resources: [\"ingressclasses\"]\r\n    verbs: [\"get\", \"list\", \"watch\"]\r\n  - apiGroups: [\"coordination.k8s.io\"]\r\n    resources: [\"leases\"]\r\n    verbs: [\"list\", \"watch\", \"get\", \"create\", \"update\"]\r\n  - apiGroups: [\"discovery.k8s.io\"]\r\n    resources: [\"endpointslices\"]\r\n    verbs: [\"get\", \"list\", \"watch\"]",
              "apiVersion: rbac.authorization.k8s.io/v1\r\nkind: ClusterRoleBinding\r\nmetadata:\r\n  name: ingress-nginx\r\nroleRef:\r\n  apiGroup: rbac.authorization.k8s.io\r\n  kind: ClusterRole\r\n  name: ingress-nginx\r\nsubjects:\r\n  - kind: ServiceAccount\r\n    name: ingress-nginx\r\n    namespace: ingress-nginx"
            ],
            "id": "69a9fe7f8dbbee1e2a0e4b6b9c4d9f20adadfaea5bcd626e4a47f87a8ea00ac4",
            "manifests": {
              "/api/v1/namespaces/ingress-nginx": "apiVersion: v1\nkind: Namespace\nmetadata:\n  name: ingress-nginx\n",
              "/api/v1/namespaces/ingress-nginx/configmaps/ingress-nginx-controller": "apiVersion: v1\nkind: ConfigMap\nmetadata:\n  name: ingress-nginx-controller\n  namespace: ingress-nginx\n",
              "/api/v1/namespaces/ingress-nginx/serviceaccounts/ingress-nginx": "apiVersion: v1\nkind: ServiceAccount\nmetadata:\n  name: ingress-nginx\n  namespace: ingress-nginx\n",
              "/api/v1/namespaces/ingress-nginx/services/ingress-nginx-controller": "apiVersion: v1\nkind: Service\nmetadata:\n  name: ingress-nginx-controller\n  namespace: ingress-nginx\nspec:\n  ports:\n  - name: http\n    nodePort: 32080\n    port: 80\n    targetPort: 80\n  - name: https\n    nodePort: 32443\n    port: 443\n    targetPort: 443\n  selector:\n    app: ingress-nginx\n  type: NodePort\n",
              "/apis/apps/v1/namespaces/ingress-nginx/deployments/ingress-nginx-controller": "apiVersion: apps/v1\nkind: Deployment\nmetadata:\n  name: ingress-nginx-controller\n  namespace: ingress-nginx\nspec:\n  replicas: 1\n  selector:\n    matchLabels:\n      app: ingress-nginx\n  template:\n    metadata:\n      labels:\n        app: ingress-nginx\n    spec:\n      containers:\n      - args:\n        - /nginx-ingress-controller\n        - --publish-service=$(POD_NAMESPACE)/ingress-nginx-controller\n        - --election-id=ingress-controller-leader\n        - --ingress-class=nginx\n        - --configmap=$(POD_NAMESPACE)/ingress-nginx-controller\n        env:\n        - name: POD_NAME\n          valueFrom:\n            fieldRef:\n              fieldPath: metadata.name\n        - name: POD_NAMESPACE\n          valueFrom:\n            fieldRef:\n              fieldPath: metadata.namespace\n        image: registry.k8s.io/ingress-nginx/controller:v1.11.3\n        livenessProbe:\n          httpGet:\n            path: /healthz\n            port: 10254\n          initialDelaySeconds: 10\n          periodSeconds: 5\n        name: controller\n        ports:\n        - containerPort: 80\n          name: http\n        - containerPort: 443\n          name: https\n        readinessProbe:\n          httpGet:\n            path: /healthz\n            port: 10254\n          periodSeconds: 3\n      serviceAccountName: ingress-nginx\n",
              "/apis/networking.k8s.io/v1/ingressclasses/nginx": "apiVersion: networking.k8s.io/v1\nkind: IngressClass\nmetadata:\n  name: nginx\nspec:\n  controller: k8s.io/ingress-nginx\n",
              "/apis/rbac.authorization.k8s.io/v1/clusterrolebindings/ingress-nginx": "apiVersion: rbac.authorization.k8s.io/v1\nkind: ClusterRoleBinding\nmetadata:\n  name: ingress-nginx\nroleRef:\n  apiGroup: rbac.authorization.k8s.io\n  kind: ClusterRole\n  name: ingress-nginx\nsubjects:\n- kind: ServiceAccount\n  name: ingress-nginx\n  namespace: ingress-nginx\n",
              "/apis/rbac.authorization.k8s.io/v1/clusterroles/ingress-nginx": "apiVersion: rbac.authorization.k8s.io/v1\nkind: ClusterRole\nmetadata:\n  name: ingress-nginx\nrules:\n- apiGroups:\n  - \"\"\n  resources:\n  - configmaps\n  - endpoints\n  - nodes\n  - pods\n  - secrets\n  - services\n  - namespaces\n  verbs:\n  - list\n  - watch\n  - get\n- apiGroups:\n  - \"\"\n  resources:\n  - configmaps\n  verbs:\n  - create\n  - update\n- apiGroups:\n  - \"\"\n  resources:\n  - events\n  verbs:\n  - create\n  - patch\n- apiGroups:\n  - networking.k8s.io\n  resources:\n  - ingresses\n  verbs:\n  - get\n  - list\n  - watch\n- apiGroups:\n  - networking.k8s.io\n  resources:\n  - ingresses/status\n  verbs:\n  - update\n- apiGroups:\n  - networking.k8s.io\n  resources:\n  - ingressclasses\n  verbs:\n  - get\n  - list\n  - watch\n- apiGroups:\n  - coordination.k8s.io\n  resources:\n  - leases\n  verbs:\n  - list\n  - watch\n  - get\n  - create\n  - update\n- apiGroups:\n  - discovery.k8s.io\n  resources:\n  - endpointslices\n  verbs:\n  - get\n  - list\n  - watch\n"
            }
          },
          "sensitive_attributes": []
        }
      ]
    },
    {
      "mode": "data",
      "type": "kubectl_file_documents",
      "name": "linkedlist",
      "provider": "provider[\"registry.terraform.io/gavinbunney/kubectl\"]",
      "instances": [
        {
          "schema_version": 0,
          "attributes": {
            "content": "apiVersion: apps/v1\r\nkind: Deployment\r\nmetadata:\r\n  name: linkedlist-deployment\r\nspec:\r\n  replicas: 2\r\n  selector:\r\n    matchLabels:\r\n      app: linkedlist\r\n  template:\r\n    metadata:\r\n      labels:\r\n        app: linkedlist\r\n    spec:\r\n      containers:\r\n      - name: linkedlist\r\n        image: linkedlist-service:latest\r\n        imagePullPolicy: Never\r\n        ports:\r\n        - containerPort: 5002\r\n---\r\napiVersion: v1\r\nkind: Service\r\nmetadata:\r\n  name: linkedlist-service\r\nspec:\r\n  type: ClusterIP\r\n  selector:\r\n    app: linkedlist\r\n  ports:\r\n    - port: 5002\r\n      targetPort: 5002",
            "documents": [
              "apiVersion: apps/v1\r\nkind: Deployment\r\nmetadata:\r\n  name: linkedlist-deployment\r\nspec:\r\n  replicas: 2\r\n  selector:\r\n    matchLabels:\r\n      app: linkedlist\r\n  template:\r\n    metadata:\r\n      labels:\r\n        app: linkedlist\r\n    spec:\r\n      containers:\r\n      - name: linkedlist\r\n        image: linkedlist-service:latest\r\n        imagePullPolicy: Never\r\n        ports:\r\n        - containerPort: 5002",
              "apiVersion: v1\r\nkind: Service\r\nmetadata:\r\n  name: linkedlist-service\r\nspec:\r\n  type: ClusterIP\r\n  selector:\r\n    app: linkedlist\r\n  ports:\r\n    - port: 5002\r\n      targetPort: 5002"
            ],
            "id": "60ef09abee0fb657040ed7168cf8664b50d8d8ad7fdd389dd3752f2b4f018797",
            "manifests": {
              "/api/v1/services/linkedlist-service": "apiVersion: v1\nkind: Service\nmetadata:\n  name: linkedlist-service\nspec:\n  ports:\n  - port: 5002\n    targetPort: 5002\n  selector:\n    app: linkedlist\n  type: ClusterIP\n",
              "/apis/apps/v1/deployments/linkedlist-deployment": "apiVersion: apps/v1\nkind: Deployment\nmetadata:\n  name: linkedlist-deployment\nspec:\n  replicas: 2\n  selector:\n    matchLabels:\n      app: linkedlist\n  template:\n    metadata:\n      labels:\n        app: linkedlist\n    spec:\n      containers:\n      - image: linkedlist-service:latest\n        imagePullPolicy: Never\n        name: linkedlist\n        ports:\n        - containerPort: 5002\n"
            }
          },
          "sensitive_attributes": []
        }
      ]
    },
    {
      "mode": "data",
      "type": "kubectl_file_documents",
      "name": "stack",
      "provider": "provider[\"registry.terraform.io/gavinbunney/kubectl\"]",
      "instances": [
        {
          "schema_version": 0,
          "attributes": {
            "content": "apiVersion: apps/v1\r\nkind: Deployment\r\nmetadata:\r\n  name: stack-deployment\r\nspec:\r\n  replicas: 2\r\n  selector:\r\n    matchLabels:\r\n      app: stack\r\n  template:\r\n    metadata:\r\n      labels:\r\n        app: stack\r\n    spec:\r\n      containers:\r\n      - name: stack\r\n        image: stack-service:latest\r\n        imagePullPolicy: Never\r\n        ports:\r\n        - containerPort: 5001\r\n---\r\napiVersion: v1\r\nkind: Service\r\nmetadata:\r\n  name: stack-service\r\nspec:\r\n  type: ClusterIP\r\n  selector:\r\n    app: stack\r\n  ports:\r\n    - port: 5001\r\n      targetPort: 5001",
            "documents": [
              "apiVersion: apps/v1\r\nkind: Deployment\r\nmetadata:\r\n  name: stack-deployment\r\nspec:\r\n  replicas: 2\r\n  selector:\r\n    matchLabels:\r\n      app: stack\r\n  template:\r\n    metadata:\r\n      labels:\r\n        app: stack\r\n    spec:\r\n      containers:\r\n      - name: stack\r\n        image: stack-service:latest\r\n        imagePullPolicy: Never\r\n        ports:\r\n        - containerPort: 5001",
              "apiVersion: v1\r\nkind: Service\r\nmetadata:\r\n  name: stack-service\r\nspec:\r\n  type: ClusterIP\r\n  selector:\r\n    app: stack\r\n  ports:\r\n    - port: 5001\r\n      targetPort: 5001"
            ],
            "id": "511d3f1ec28cf0cbce94433c38a15859a2efd4892e167020096a76defcae521a",
            "manifests": {
              "/api/v1/services/stack-service": "apiVersion: v1\nkind: Service\nmetadata:\n  name: stack-service\nspec:\n  ports:\n  - port: 5001\n    targetPort: 5001\n  selector:\n    app: stack\n  type: ClusterIP\n",
              "/apis/apps/v1/deployments/stack-deployment": "apiVersion: apps/v1\nkind: Deployment\nmetadata:\n  name: stack-deployment\nspec:\n  replicas: 2\n  selector:\n    matchLabels:\n      app: stack\n  template:\n    metadata:\n      labels:\n        app: stack\n    spec:\n      containers:\n      - image: stack-service:latest\n        imagePullPolicy: Never\n        name: stack\n        ports:\n        - containerPort: 5001\n"
            }
          },
          "sensitive_attributes": []
        }
      ]
    },
    {
      "mode": "data",
      "type": "kubectl_file_documents",
      "name": "ui",
      "provider": "provider[\"registry.terraform.io/gavinbunney/kubectl\"]",
      "instances": [
        {
          "schema_version": 0,
          "attributes": {
            "content": "apiVersion: apps/v1\r\nkind: Deployment\r\nmetadata:\r\n  name: ui-deployment\r\nspec:\r\n  replicas: 2\r\n  selector:\r\n    matchLabels:\r\n      app: ui\r\n  template:\r\n    metadata:\r\n      labels:\r\n        app: ui\r\n    spec:\r\n      containers:\r\n      - name: ui\r\n        image: ui-service:latest\r\n        imagePullPolicy: Never\r\n        ports:\r\n        - containerPort: 80\r\n---\r\napiVersion: v1\r\nkind: Service\r\nmetadata:\r\n  name: ui-service\r\nspec:\r\n  type: ClusterIP\r\n  selector:\r\n    app: ui\r\n  ports:\r\n    - port: 80\r\n      targetPort: 80",
            "documents": [
              "apiVersion: apps/v1\r\nkind: Deployment\r\nmetadata:\r\n  name: ui-deployment\r\nspec:\r\n  replicas: 2\r\n  selector:\r\n    matchLabels:\r\n      app: ui\r\n  template:\r\n    metadata:\r\n      labels:\r\n        app: ui\r\n    spec:\r\n      containers:\r\n      - name: ui\r\n        image: ui-service:latest\r\n        imagePullPolicy: Never\r\n        ports:\r\n        - containerPort: 80",
              "apiVersion: v1\r\nkind: Service\r\nmetadata:\r\n  name: ui-service\r\nspec:\r\n  type: ClusterIP\r\n  selector:\r\n    app: ui\r\n  ports:\r\n    - port: 80\r\n      targetPort: 80"
            ],
            "id": "5ae0786d3112245d5769ba4f6cd870c3cf2eb7b1c5995ab942030879ab54f075",
            "manifests": {
              "/api/v1/services/ui-service": "apiVersion: v1\nkind: Service\nmetadata:\n  name: ui-service\nspec:\n  ports:\n  - port: 80\n    targetPort: 80\n  selector:\n    app: ui\n  type: ClusterIP\n",
              "/apis/apps/v1/deployments/ui-deployment": "apiVersion: apps/v1\nkind: Deployment\nmetadata:\n  name: ui-deployment\nspec:\n  replicas: 2\n  selector:\n    matchLabels:\n      app: ui\n  template:\n    metadata:\n      labels:\n        app: ui\n    spec:\n      containers:\n      - image: ui-service:latest\n        imagePullPolicy: Never\n        name: ui\n        ports:\n        - containerPort: 80\n"
            }
          },
          "sensitive_attributes": []
        }
      ]
    },
    {
      "mode": "managed",
      "type": "kubectl_manifest",
      "name": "backend",
      "provider": "provider[\"registry.terraform.io/gavinbunney/kubectl\"]",
      "instances": [
        {
          "index_key": "/api/v1/services/backend-service",
          "schema_version": 1,
          "attributes": {
            "api_version": "v1",
            "apply_only": false,
            "force_conflicts": false,
            "force_new": false,
            "id": "/api/v1/namespaces/default/services/backend-service",
            "ignore_fields": null,
            "kind": "Service",
            "live_manifest_incluster": "f5b1d072241786f423f572cec37c96234786dbdb6b2f97de0ae640b4cda65754",
            "live_uid": "f3f0fd7f-3be4-4f34-8d01-0a14f60a26a7",
            "name": "backend-service",
            "namespace": null,
            "override_namespace": null,
            "sensitive_fields": null,
            "server_side_apply": false,
            "timeouts": null,
            "uid": "f3f0fd7f-3be4-4f34-8d01-0a14f60a26a7",
            "validate_schema": true,
            "wait": null,
            "wait_for_rollout": true,
            "yaml_body": "apiVersion: v1\nkind: Service\nmetadata:\n  name: backend-service\nspec:\n  ports:\n  - port: 5000\n    targetPort: 5000\n  selector:\n    app: backend\n  type: ClusterIP\n",
            "yaml_body_parsed": "apiVersion: v1\nkind: Service\nmetadata:\n  name: backend-service\nspec:\n  ports:\n  - port: 5000\n    targetPort: 5000\n  selector:\n    app: backend\n  type: ClusterIP\n",
            "yaml_incluster": "f5b1d072241786f423f572cec37c96234786dbdb6b2f97de0ae640b4cda65754"
          },
          "sensitive_attributes": [
            [
              {
                "type": "get_attr",
                "value": "yaml_body"
              }
            ],
            [
              {
                "type": "get_attr",
                "value": "live_manifest_incluster"
              }
            ],
            [
              {
                "type": "get_attr",
                "value": "yaml_incluster"
              }
            ]
          ],
          "private": "eyJlMmJmYjczMC1lY2FhLTExZTYtOGY4OC0zNDM2M2JjN2M0YzAiOnsiY3JlYXRlIjo2MDAwMDAwMDAwMDB9LCJzY2hlbWFfdmVyc2lvbiI6IjEifQ==",
          "dependencies": [
            "data.kubectl_file_documents.backend"
          ]
        },
        {
          "index_key": "/apis/apps/v1/deployments/backend-deployment",
          "schema_version": 1,
          "attributes": {
            "api_version": "apps/v1",
            "apply_only": false,
            "force_conflicts": false,
            "force_new": false,
            "id": "/apis/apps/v1/namespaces/default/deployments/backend-deployment",
            "ignore_fields": null,
            "kind": "Deployment",
            "live_manifest_incluster": "4d8bb4f3a31e50db0bb3046d0f1110be989c154fbbb289548c813a5de20dc19a",
            "live_uid": "1f475035-1737-4492-b4b7-b8890392258e",
            "name": "backend-deployment",
            "namespace": null,
            "override_namespace": null,
            "sensitive_fields": null,
            "server_side_apply": false,
            "timeouts": null,
            "uid": "1f475035-1737-4492-b4b7-b8890392258e",
            "validate_schema": true,
            "wait": null,
            "wait_for_rollout": true,
            "yaml_body": "apiVersion: apps/v1\nkind: Deployment\nmetadata:\n  name: backend-deployment\nspec:\n  replicas: 2\n  selector:\n    matchLabels:\n      app: backend\n  template:\n    metadata:\n      labels:\n        app: backend\n    spec:\n      containers:\n      - image: backend-service:latest\n        imagePullPolicy: Never\n        name: backend\n        ports:\n        - containerPort: 5000\n",
            "yaml_body_parsed": "apiVersion: apps/v1\nkind: Deployment\nmetadata:\n  name: backend-deployment\nspec:\n  replicas: 2\n  selector:\n    matchLabels:\n      app: backend\n  template:\n    metadata:\n      labels:\n        app: backend\n    spec:\n      containers:\n      - image: backend-service:latest\n        imagePullPolicy: Never\n        name: backend\n        ports:\n        - containerPort: 5000\n",
            "yaml_incluster": "4d8bb4f3a31e50db0bb3046d0f1110be989c154fbbb289548c813a5de20dc19a"
          },
          "sensitive_attributes": [
            [
              {
                "type": "get_attr",
                "value": "live_manifest_incluster"
              }
            ],
            [
              {
                "type": "get_attr",
                "value": "yaml_incluster"
              }
            ],
            [
              {
                "type": "get_attr",
                "value": "yaml_body"
              }
            ]
          ],
          "private": "eyJlMmJmYjczMC1lY2FhLTExZTYtOGY4OC0zNDM2M2JjN2M0YzAiOnsiY3JlYXRlIjo2MDAwMDAwMDAwMDB9LCJzY2hlbWFfdmVyc2lvbiI6IjEifQ==",
          "dependencies": [
            "data.kubectl_file_documents.backend"
          ]
        }
      ]
    },
    {
      "mode": "managed",
      "type": "kubectl_manifest",
      "name": "graph",
      "provider": "provider[\"registry.terraform.io/gavinbunney/kubectl\"]",
      "instances": [
        {
          "index_key": "/api/v1/services/graph-service",
          "schema_version": 1,
          "attributes": {
            "api_version": "v1",
            "apply_only": false,
            "force_conflicts": false,
            "force_new": false,
            "id": "/api/v1/namespaces/default/services/graph-service",
            "ignore_fields": null,
            "kind": "Service",
            "live_manifest_incluster": "c56ca967b08916cbac8aa2ba897dea09a2dfc20000a49194d47e0cc5bb193d85",
            "live_uid": "74557dea-d4d9-4075-8911-d75f6afb4c81",
            "name": "graph-service",
            "namespace": null,
            "override_namespace": null,
            "sensitive_fields": null,
            "server_side_apply": false,
            "timeouts": null,
            "uid": "74557dea-d4d9-4075-8911-d75f6afb4c81",
            "validate_schema": true,
            "wait": null,
            "wait_for_rollout": true,
            "yaml_body": "apiVersion: v1\nkind: Service\nmetadata:\n  name: graph-service\nspec:\n  ports:\n  - port: 5003\n    targetPort: 5003\n  selector:\n    app: graph\n  type: ClusterIP\n",
            "yaml_body_parsed": "apiVersion: v1\nkind: Service\nmetadata:\n  name: graph-service\nspec:\n  ports:\n  - port: 5003\n    targetPort: 5003\n  selector:\n    app: graph\n  type: ClusterIP\n",
            "yaml_incluster": "c56ca967b08916cbac8aa2ba897dea09a2dfc20000a49194d47e0cc5bb193d85"
          },
          "sensitive_attributes": [
            [
              {
                "type": "get_attr",
                "value": "live_manifest_incluster"
              }
            ],
            [
              {
                "type": "get_attr",
                "value": "yaml_body"
              }
            ],
            [
              {
                "type": "get_attr",
                "value": "yaml_incluster"
              }
            ]
          ],
          "private": "eyJlMmJmYjczMC1lY2FhLTExZTYtOGY4OC0zNDM2M2JjN2M0YzAiOnsiY3JlYXRlIjo2MDAwMDAwMDAwMDB9LCJzY2hlbWFfdmVyc2lvbiI6IjEifQ==",
          "dependencies": [
            "data.kubectl_file_documents.graph"
          ]
        },
        {
          "index_key": "/apis/apps/v1/deployments/graph-deployment",
          "schema_version": 1,
          "attributes": {
            "api_version": "apps/v1",
            "apply_only": false,
            "force_conflicts": false,
            "force_new": false,
            "id": "/apis/apps/v1/namespaces/default/deployments/graph-deployment",
            "ignore_fields": null,
            "kind": "Deployment",
            "live_manifest_incluster": "53d45fc7401a9701539e399ee5b18389b95a0d6f4915294da12bcc1ce540662e",
            "live_uid": "be11c724-1d62-46da-8c41-3cf7c9c66d85",
            "name": "graph-deployment",
            "namespace": null,
            "override_namespace": null,
            "sensitive_fields": null,
            "server_side_apply": false,
            "timeouts": null,
            "uid": "be11c724-1d62-46da-8c41-3cf7c9c66d85",
            "validate_schema": true,
            "wait": null,
            "wait_for_rollout": true,
            "yaml_body": "apiVersion: apps/v1\nkind: Deployment\nmetadata:\n  name: graph-deployment\nspec:\n  replicas: 2\n  selector:\n    matchLabels:\n      app: graph\n  template:\n    metadata:\n      labels:\n        app: graph\n    spec:\n      containers:\n      - image: graph-service:latest\n        imagePullPolicy: Never\n        name: graph\n        ports:\n        - containerPort: 5003\n",
            "yaml_body_parsed": "apiVersion: apps/v1\nkind: Deployment\nmetadata:\n  name: graph-deployment\nspec:\n  replicas: 2\n  selector:\n    matchLabels:\n      app: graph\n  template:\n    metadata:\n      labels:\n        app: graph\n    spec:\n      containers:\n      - image: graph-service:latest\n        imagePullPolicy: Never\n        name: graph\n        ports:\n        - containerPort: 5003\n",
            "yaml_incluster": "53d45fc7401a9701539e399ee5b18389b95a0d6f4915294da12bcc1ce540662e"
          },
          "sensitive_attributes": [
            [
              {
                "type": "get_attr",
                "value": "yaml_incluster"
              }
            ],
            [
              {
                "type": "get_attr",
                "value": "live_manifest_incluster"
              }
            ],
            [
              {
                "type": "get_attr",
                "value": "yaml_body"
              }
            ]
          ],
          "private": "eyJlMmJmYjczMC1lY2FhLTExZTYtOGY4OC0zNDM2M2JjN2M0YzAiOnsiY3JlYXRlIjo2MDAwMDAwMDAwMDB9LCJzY2hlbWFfdmVyc2lvbiI6IjEifQ==",
          "dependencies": [
            "data.kubectl_file_documents.graph"
          ]
        }
      ]
    },
    {
      "mode": "managed",
      "type": "kubectl_manifest",
      "name": "ingress",
      "provider": "provider[\"registry.terraform.io/gavinbunney/kubectl\"]",
      "instances": [
        {
          "index_key": "/apis/networking.k8s.io/v1/ingresses/main-ingress",
          "schema_version": 1,
          "attributes": {
            "api_version": "networking.k8s.io/v1",
            "apply_only": false,
            "force_conflicts": false,
            "force_new": false,
            "id": "/apis/networking.k8s.io/v1/namespaces/default/ingresses/main-ingress",
            "ignore_fields": null,
            "kind": "Ingress",
            "live_manifest_incluster": "f470b41868de5e948fe04fe43addbd237e00e045dcf53eacafec538e8b2048f0",
            "live_uid": "3f1315cc-3b93-406b-952e-dd84ee2b9340",
            "name": "main-ingress",
            "namespace": null,
            "override_namespace": null,
            "sensitive_fields": null,
            "server_side_apply": false,
            "timeouts": null,
            "uid": "3f1315cc-3b93-406b-952e-dd84ee2b9340",
            "validate_schema": true,
            "wait": null,
            "wait_for_rollout": true,
            "yaml_body": "apiVersion: networking.k8s.io/v1\nkind: Ingress\nmetadata:\n  annotations:\n    kubernetes.io/ingress.class: nginx\n    nginx.ingress.kubernetes.io/rewrite-target: /$2\n  name: main-ingress\nspec:\n  rules:\n  - http:\n      paths:\n      - backend:\n          service:\n            name: ui-service\n            port:\n              number: 80\n        path: /\n        pathType: Prefix\n      - backend:\n          service:\n            name: backend-service\n            port:\n              number: 5000\n        path: /api(/|$)(.*)\n        pathType: Prefix\n",
            "yaml_body_parsed": "apiVersion: networking.k8s.io/v1\nkind: Ingress\nmetadata:\n  annotations:\n    kubernetes.io/ingress.class: nginx\n    nginx.ingress.kubernetes.io/rewrite-target: /$2\n  name: main-ingress\nspec:\n  rules:\n  - http:\n      paths:\n      - backend:\n          service:\n            name: ui-service\n            port:\n              number: 80\n        path: /\n        pathType: Prefix\n      - backend:\n          service:\n            name: backend-service\n            port:\n              number: 5000\n        path: /api(/|$)(.*)\n        pathType: Prefix\n",
            "yaml_incluster": "f470b41868de5e948fe04fe43addbd237e00e045dcf53eacafec538e8b2048f0"
          },
          "sensitive_attributes": [
            [
              {
                "type": "get_attr",
                "value": "live_manifest_incluster"
              }
            ],
            [
              {
                "type": "get_attr",
                "value": "yaml_body"
              }
            ],
            [
              {
                "type": "get_attr",
                "value": "yaml_incluster"
              }
            ]
          ],
          "private": "eyJlMmJmYjczMC1lY2FhLTExZTYtOGY4OC0zNDM2M2JjN2M0YzAiOnsiY3JlYXRlIjo2MDAwMDAwMDAwMDB9LCJzY2hlbWFfdmVyc2lvbiI6IjEifQ==",
          "dependencies": [
            "data.kubectl_file_documents.ingress"
          ]
        }
      ]
    },
    {
      "mode": "managed",
      "type": "kubectl_manifest",
      "name": "ingress_controller",
      "provider": "provider[\"registry.terraform.io/gavinbunney/kubectl\"]",
      "instances": [
        {
          "index_key": "/api/v1/namespaces/ingress-nginx",
          "schema_version": 1,
          "attributes": {
            "api_version": "v1",
            "apply_only": false,
            "force_conflicts": false,
            "force_new": false,
            "id": "/api/v1/namespaces/ingress-nginx",
            "ignore_fields": null,
            "kind": "Namespace",
            "live_manifest_incluster": "e388b088e4b41fa7e3de9fcb29db3ac3bc719eeba3f1be9163931aab0dd9adfb",
            "live_uid": "4f3a300f-d0cd-40b4-b4b6-f970faa4046b",
            "name": "ingress-nginx",
            "namespace": null,
            "override_namespace": null,
            "sensitive_fields": null,
            "server_side_apply": false,
            "timeouts": null,
            "uid": "4f3a300f-d0cd-40b4-b4b6-f970faa4046b",
            "validate_schema": true,
            "wait": null,
            "wait_for_rollout": true,
            "yaml_body": "apiVersion: v1\nkind: Namespace\nmetadata:\n  name: ingress-nginx\n",
            "yaml_body_parsed": "apiVersion: v1\nkind: Namespace\nmetadata:\n  name: ingress-nginx\n",
            "yaml_incluster": "e388b088e4b41fa7e3de9fcb29db3ac3bc719eeba3f1be9163931aab0dd9adfb"
          },
          "sensitive_attributes": [
            [
              {
                "type": "get_attr",
                "value": "yaml_body"
              }
            ],
            [
              {
                "type": "get_attr",
                "value": "yaml_incluster"
              }
            ],
            [
              {
                "type": "get_attr",
                "value": "live_manifest_incluster"
              }
            ]
          ],
          "private": "eyJlMmJmYjczMC1lY2FhLTExZTYtOGY4OC0zNDM2M2JjN2M0YzAiOnsiY3JlYXRlIjo2MDAwMDAwMDAwMDB9LCJzY2hlbWFfdmVyc2lvbiI6IjEifQ==",
          "dependencies": [
            "data.kubectl_file_documents.ingress_controller"
          ]
        },
        {
          "index_key": "/api/v1/namespaces/ingress-nginx/configmaps/ingress-nginx-controller",
          "schema_version": 1,
          "attributes": {
            "api_version": "v1",
            "apply_only": false,
            "force_conflicts": false,
            "force_new": false,
            "id": "/api/v1/namespaces/ingress-nginx/configmaps/ingress-nginx-controller",
            "ignore_fields": null,
            "kind": "ConfigMap",
            "live_manifest_incluster": "7cc44ca20413b3feda68ec9f2b83544d9fd5dde056d74b5ab0843354c5a9617f",
            "live_uid": "387bb2e9-a3cf-425d-bddb-615b08b44101",
            "name": "ingress-nginx-controller",
            "namespace": "ingress-nginx",
            "override_namespace": null,
            "sensitive_fields": null,
            "server_side_apply": false,
            "timeouts": null,
            "uid": "387bb2e9-a3cf-425d-bddb-615b08b44101",
            "validate_schema": true,
            "wait": null,
            "wait_for_rollout": true,
            "yaml_body": "apiVersion: v1\nkind: ConfigMap\nmetadata:\n  name: ingress-nginx-controller\n  namespace: ingress-nginx\n",
            "yaml_body_parsed": "apiVersion: v1\nkind: ConfigMap\nmetadata:\n  name: ingress-nginx-controller\n  namespace: ingress-nginx\n",
            "yaml_incluster": "7cc44ca20413b3feda68ec9f2b83544d9fd5dde056d74b5ab0843354c5a9617f"
          },
          "sensitive_attributes": [
            [
              {
                "type": "get_attr",
                "value": "yaml_body"
              }
            ],
            [
              {
                "type": "get_attr",
                "value": "yaml_incluster"
              }
            ],
            [
              {
                "type": "get_attr",
                "value": "live_manifest_incluster"
              }
            ]
          ],
          "private": "eyJlMmJmYjczMC1lY2FhLTExZTYtOGY4OC0zNDM2M2JjN2M0YzAiOnsiY3JlYXRlIjo2MDAwMDAwMDAwMDB9LCJzY2hlbWFfdmVyc2lvbiI6IjEifQ==",
          "dependencies": [
            "data.kubectl_file_documents.ingress_controller"
          ]
        },
        {
          "index_key": "/api/v1/namespaces/ingress-nginx/serviceaccounts/ingress-nginx",
          "schema_version": 1,
          "attributes": {
            "api_version": "v1",
            "apply_only": false,
            "force_conflicts": false,
            "force_new": false,
            "id": "/api/v1/namespaces/ingress-nginx/serviceaccounts/ingress-nginx",
            "ignore_fields": null,
            "kind": "ServiceAccount",
            "live_manifest_incluster": "9746abe671a9f7369aa47cb71f07cc327d4291a64665c468ad1d42a767c20066",
            "live_uid": "85353d78-b724-41b8-8e17-7bafe08e3a58",
            "name": "ingress-nginx",
            "namespace": "ingress-nginx",
            "override_namespace": null,
            "sensitive_fields": null,
            "server_side_apply": false,
            "timeouts": null,
            "uid": "85353d78-b724-41b8-8e17-7bafe08e3a58",
            "validate_schema": true,
            "wait": null,
            "wait_for_rollout": true,
            "yaml_body": "apiVersion: v1\nkind: ServiceAccount\nmetadata:\n  name: ingress-nginx\n  namespace: ingress-nginx\n",
            "yaml_body_parsed": "apiVersion: v1\nkind: ServiceAccount\nmetadata:\n  name: ingress-nginx\n  namespace: ingress-nginx\n",
            "yaml_incluster": "9746abe671a9f7369aa47cb71f07cc327d4291a64665c468ad1d42a767c20066"
          },
          "sensitive_attributes": [
            [
              {
                "type": "get_attr",
                "value": "yaml_body"
              }
            ],
            [
              {
                "type": "get_attr",
                "value": "live_manifest_incluster"
              }
            ],
            [
              {
                "type": "get_attr",
                "value": "yaml_incluster"
              }
            ]
          ],
          "private": "eyJlMmJmYjczMC1lY2FhLTExZTYtOGY4OC0zNDM2M2JjN2M0YzAiOnsiY3JlYXRlIjo2MDAwMDAwMDAwMDB9LCJzY2hlbWFfdmVyc2lvbiI6IjEifQ==",
          "dependencies": [
            "data.kubectl_file_documents.ingress_controller"
          ]
        },
        {
          "index_key": "/api/v1/namespaces/ingress-nginx/services/ingress-nginx-controller",
          "schema_version": 1,
          "attributes": {
            "api_version": "v1",
            "apply_only": false,
            "force_conflicts": false,
            "force_new": false,
            "id": "/api/v1/namespaces/ingress-nginx/services/ingress-nginx-controller",
            "ignore_fields": null,
            "kind": "Service",
            "live_manifest_incluster": "66430d75ca3e247cb201ac7a66aad16c33885d720c00c0bfba214ed393091b55",
            "live_uid": "c2982cfa-51fd-4a41-a7c1-40f15845ad50",
            "name": "ingress-nginx-controller",
            "namespace": "ingress-nginx",
            "override_namespace": null,
            "sensitive_fields": null,
            "server_side_apply": false,
            "timeouts": null,
            "uid": "c2982cfa-51fd-4a41-a7c1-40f15845ad50",
            "validate_schema": true,
            "wait": null,
            "wait_for_rollout": true,
            "yaml_body": "apiVersion: v1\nkind: Service\nmetadata:\n  name: ingress-nginx-controller\n  namespace: ingress-nginx\nspec:\n  ports:\n  - name: http\n    nodePort: 32080\n    port: 80\n    targetPort: 80\n  - name: https\n    nodePort: 32443\n    port: 443\n    targetPort: 443\n  selector:\n    app: ingress-nginx\n  type: NodePort\n",
            "yaml_body_parsed": "apiVersion: v1\nkind: Service\nmetadata:\n  name: ingress-nginx-controller\n  namespace: ingress-nginx\nspec:\n  ports:\n  - name: http\n    nodePort: 32080\n    port: 80\n    targetPort: 80\n  - name: https\n    nodePort: 32443\n    port: 443\n    targetPort: 443\n  selector:\n    app: ingress-nginx\n  type: NodePort\n",
            "yaml_incluster": "66430d75ca3e247cb201ac7a66aad16c33885d720c00c0bfba214ed393091b55"
          },
          "sensitive_attributes": [
            [
              {
                "type": "get_attr",
                "value": "yaml_body"
              }
            ],
            [
              {
                "type": "get_attr",
                "value": "live_manifest_incluster"
              }
            ],
            [
              {
                "type": "get_attr",
                "value": "yaml_incluster"
              }
            ]
          ],
          "private": "eyJlMmJmYjczMC1lY2FhLTExZTYtOGY4OC0zNDM2M2JjN2M0YzAiOnsiY3JlYXRlIjo2MDAwMDAwMDAwMDB9LCJzY2hlbWFfdmVyc2lvbiI6IjEifQ==",
          "dependencies": [
            "data.kubectl_file_documents.ingress_controller"
          ]
        },
        {
          "index_key": "/apis/apps/v1/namespaces/ingress-nginx/deployments/ingress-nginx-controller",
          "schema_version": 1,
          "attributes": {
            "api_version": "apps/v1",
            "apply_only": false,
            "force_conflicts": false,
            "force_new": false,
            "id": "/apis/apps/v1/namespaces/ingress-nginx/deployments/ingress-nginx-controller",
            "ignore_fields": null,
            "kind": "Deployment",
            "live_manifest_incluster": "bed4abf6fc1da3e2fef40a9d6f368b0478a015dfba7d6033e6f455e3e6600bb9",
            "live_uid": "4aaa3cec-319c-4449-862f-615897250334",
            "name": "ingress-nginx-controller",
            "namespace": "ingress-nginx",
            "override_namespace": null,
            "sensitive_fields": null,
            "server_side_apply": false,
            "timeouts": null,
            "uid": "4aaa3cec-319c-4449-862f-615897250334",
            "validate_schema": true,
            "wait": null,
            "wait_for_rollout": true,
            "yaml_body": "apiVersion: apps/v1\nkind: Deployment\nmetadata:\n  name: ingress-nginx-controller\n  namespace: ingress-nginx\nspec:\n  replicas: 1\n  selector:\n    matchLabels:\n      app: ingress-nginx\n  template:\n    metadata:\n      labels:\n        app: ingress-nginx\n    spec:\n      containers:\n      - args:\n        - /nginx-ingress-controller\n        - --publish-service=$(POD_NAMESPACE)/ingress-nginx-controller\n        - --election-id=ingress-controller-leader\n        - --ingress-class=nginx\n        - --configmap=$(POD_NAMESPACE)/ingress-nginx-controller\n        env:\n        - name: POD_NAME\n          valueFrom:\n            fieldRef:\n              fieldPath: metadata.name\n        - name: POD_NAMESPACE\n          valueFrom:\n            fieldRef:\n              fieldPath: metadata.namespace\n        image: registry.k8s.io/ingress-nginx/controller:v1.11.3\n        livenessProbe:\n          httpGet:\n            path: /healthz\n            port: 10254\n          initialDelaySeconds: 10\n          periodSeconds: 5\n        name: controller\n        ports:\n        - containerPort: 80\n          name: http\n        - containerPort: 443\n          name: https\n        readinessProbe:\n          httpGet:\n            path: /healthz\n            port: 10254\n          periodSeconds: 3\n      serviceAccountName: ingress-nginx\n",
            "yaml_body_parsed": "apiVersion: apps/v1\nkind: Deployment\nmetadata:\n  name: ingress-nginx-controller\n  namespace: ingress-nginx\nspec:\n  replicas: 1\n  selector:\n    matchLabels:\n      app: ingress-nginx\n  template:\n    metadata:\n      labels:\n        app: ingress-nginx\n    spec:\n      containers:\n      - args:\n        - /nginx-ingress-controller\n        - --publish-service=$(POD_NAMESPACE)/ingress-nginx-controller\n        - --election-id=ingress-controller-leader\n        - --ingress-class=nginx\n        - --configmap=$(POD_NAMESPACE)/ingress-nginx-controller\n        env:\n        - name: POD_NAME\n          valueFrom:\n            fieldRef:\n              fieldPath: metadata.name\n        - name: POD_NAMESPACE\n          valueFrom:\n            fieldRef:\n              fieldPath: metadata.namespace\n        image: registry.k8s.io/ingress-nginx/controller:v1.11.3\n        livenessProbe:\n          httpGet:\n            path: /healthz\n            port: 10254\n          initialDelaySeconds: 10\n          periodSeconds: 5\n        name: controller\n        ports:\n        - containerPort: 80\n          name: http\n        - containerPort: 443\n          name: https\n        readinessProbe:\n          httpGet:\n            path: /healthz\n            port: 10254\n          periodSeconds: 3\n      serviceAccountName: ingress-nginx\n",
            "yaml_incluster": "bed4abf6fc1da3e2fef40a9d6f368b0478a015dfba7d6033e6f455e3e6600bb9"
          },
          "sensitive_attributes": [
            [
              {
                "type": "get_attr",
                "value": "yaml_incluster"
              }
            ],
            [
              {
                "type": "get_attr",
                "value": "yaml_body"
              }
            ],
            [
              {
                "type": "get_attr",
                "value": "live_manifest_incluster"
              }
            ]
          ],
          "private": "eyJlMmJmYjczMC1lY2FhLTExZTYtOGY4OC0zNDM2M2JjN2M0YzAiOnsiY3JlYXRlIjo2MDAwMDAwMDAwMDB9LCJzY2hlbWFfdmVyc2lvbiI6IjEifQ==",
          "dependencies": [
            "data.kubectl_file_documents.ingress_controller"
          ]
        },
        {
          "index_key": "/apis/networking.k8s.io/v1/ingressclasses/nginx",
          "schema_version": 1,
          "attributes": {
            "api_version": "networking.k8s.io/v1",
            "apply_only": false,
            "force_conflicts": false,
            "force_new": false,
            "id": "/apis/networking.k8s.io/v1/ingressclasses/nginx",
            "ignore_fields": null,
            "kind": "IngressClass",
            "live_manifest_incluster": "9570367ff5583d99c36394ec9e6ccf4dd3b0729bc04051335cfbe509f6137947",
            "live_uid": "e8c6eb87-8dcc-4081-ba59-e3a5e46884d2",
            "name": "nginx",
            "namespace": null,
            "override_namespace": null,
            "sensitive_fields": null,
            "server_side_apply": false,
            "timeouts": null,
            "uid": "e8c6eb87-8dcc-4081-ba59-e3a5e46884d2",
            "validate_schema": true,
            "wait": null,
            "wait_for_rollout": true,
            "yaml_body": "apiVersion: networking.k8s.io/v1\nkind: IngressClass\nmetadata:\n  name: nginx\nspec:\n  controller: k8s.io/ingress-nginx\n",
            "yaml_body_parsed": "apiVersion: networking.k8s.io/v1\nkind: IngressClass\nmetadata:\n  name: nginx\nspec:\n  controller: k8s.io/ingress-nginx\n",
            "yaml_incluster": "9570367ff5583d99c36394ec9e6ccf4dd3b0729bc04051335cfbe509f6137947"
          },
          "sensitive_attributes": [
            [
              {
                "type": "get_attr",
                "value": "live_manifest_incluster"
              }
            ],
            [
              {
                "type": "get_attr",
                "value": "yaml_incluster"
              }
            ],
            [
              {
                "type": "get_attr",
                "value": "yaml_body"
              }
            ]
          ],
          "private": "eyJlMmJmYjczMC1lY2FhLTExZTYtOGY4OC0zNDM2M2JjN2M0YzAiOnsiY3JlYXRlIjo2MDAwMDAwMDAwMDB9LCJzY2hlbWFfdmVyc2lvbiI6IjEifQ==",
          "dependencies": [
            "data.kubectl_file_documents.ingress_controller"
          ]
        },
        {
          "index_key": "/apis/rbac.authorization.k8s.io/v1/clusterrolebindings/ingress-nginx",
          "schema_version": 1,
          "attributes": {
            "api_version": "rbac.authorization.k8s.io/v1",
            "apply_only": false,
            "force_conflicts": false,
            "force_new": false,
            "id": "/apis/rbac.authorization.k8s.io/v1/clusterrolebindings/ingress-nginx",
            "ignore_fields": null,
            "kind": "ClusterRoleBinding",
            "live_manifest_incluster": "2723aa37069d1db9e4f1fc334de3d849894249a22023e974efc3cc09d2faf1aa",
            "live_uid": "9acd3497-07fa-4acb-a30f-7a9720f4522e",
            "name": "ingress-nginx",
            "namespace": null,
            "override_namespace": null,
            "sensitive_fields": null,
            "server_side_apply": false,
            "timeouts": null,
            "uid": "9acd3497-07fa-4acb-a30f-7a9720f4522e",
            "validate_schema": true,
            "wait": null,
            "wait_for_rollout": true,
            "yaml_body": "apiVersion: rbac.authorization.k8s.io/v1\nkind: ClusterRoleBinding\nmetadata:\n  name: ingress-nginx\nroleRef:\n  apiGroup: rbac.authorization.k8s.io\n  kind: ClusterRole\n  name: ingress-nginx\nsubjects:\n- kind: ServiceAccount\n  name: ingress-nginx\n  namespace: ingress-nginx\n",
            "yaml_body_parsed": "apiVersion: rbac.authorization.k8s.io/v1\nkind: ClusterRoleBinding\nmetadata:\n  name: ingress-nginx\nroleRef:\n  apiGroup: rbac.authorization.k8s.io\n  kind: ClusterRole\n  name: ingress-nginx\nsubjects:\n- kind: ServiceAccount\n  name: ingress-nginx\n  namespace: ingress-nginx\n",
            "yaml_incluster": "2723aa37069d1db9e4f1fc334de3d849894249a22023e974efc3cc09d2faf1aa"
          },
          "sensitive_attributes": [
            [
              {
                "type": "get_attr",
                "value": "yaml_body"
              }
            ],
            [
              {
                "type": "get_attr",
                "value": "yaml_incluster"
              }
            ],
            [
              {
                "type": "get_attr",
                "value": "live_manifest_incluster"
              }
            ]
          ],
          "private": "eyJlMmJmYjczMC1lY2FhLTExZTYtOGY4OC0zNDM2M2JjN2M0YzAiOnsiY3JlYXRlIjo2MDAwMDAwMDAwMDB9LCJzY2hlbWFfdmVyc2lvbiI6IjEifQ==",
          "dependencies": [
            "data.kubectl_file_documents.ingress_controller"
          ]
        },
        {
          "index_key": "/apis/rbac.authorization.k8s.io/v1/clusterroles/ingress-nginx",
          "schema_version": 1,
          "attributes": {
            "api_version": "rbac.authorization.k8s.io/v1",
            "apply_only": false,
            "force_conflicts": false,
            "force_new": false,
            "id": "/apis/rbac.authorization.k8s.io/v1/clusterroles/ingress-nginx",
            "ignore_fields": null,
            "kind": "ClusterRole",
            "live_manifest_incluster": "ffc585eefa92f13a386904c1ad655f731688a616c627a006a22182cb269d4d9f",
            "live_uid": "1ea81284-5cfe-45e4-8024-978d8c8074d1",
            "name": "ingress-nginx",
            "namespace": null,
            "override_namespace": null,
            "sensitive_fields": null,
            "server_side_apply": false,
            "timeouts": null,
            "uid": "1ea81284-5cfe-45e4-8024-978d8c8074d1",
            "validate_schema": true,
            "wait": null,
            "wait_for_rollout": true,
            "yaml_body": "apiVersion: rbac.authorization.k8s.io/v1\nkind: ClusterRole\nmetadata:\n  name: ingress-nginx\nrules:\n- apiGroups:\n  - \"\"\n  resources:\n  - configmaps\n  - endpoints\n  - nodes\n  - pods\n  - secrets\n  - services\n  - namespaces\n  verbs:\n  - list\n  - watch\n  - get\n- apiGroups:\n  - \"\"\n  resources:\n  - configmaps\n  verbs:\n  - create\n  - update\n- apiGroups:\n  - \"\"\n  resources:\n  - events\n  verbs:\n  - create\n  - patch\n- apiGroups:\n  - networking.k8s.io\n  resources:\n  - ingresses\n  verbs:\n  - get\n  - list\n  - watch\n- apiGroups:\n  - networking.k8s.io\n  resources:\n  - ingresses/status\n  verbs:\n  - update\n- apiGroups:\n  - networking.k8s.io\n  resources:\n  - ingressclasses\n  verbs:\n  - get\n  - list\n  - watch\n- apiGroups:\n  - coordination.k8s.io\n  resources:\n  - leases\n  verbs:\n  - list\n  - watch\n  - get\n  - create\n  - update\n- apiGroups:\n  - discovery.k8s.io\n  resources:\n  - endpointslices\n  verbs:\n  - get\n  - list\n  - watch\n",
            "yaml_body_parsed": "apiVersion: rbac.authorization.k8s.io/v1\nkind: ClusterRole\nmetadata:\n  name: ingress-nginx\nrules:\n- apiGroups:\n  - \"\"\n  resources:\n  - configmaps\n  - endpoints\n  - nodes\n  - pods\n  - secrets\n  - services\n  - namespaces\n  verbs:\n  - list\n  - watch\n  - get\n- apiGroups:\n  - \"\"\n  resources:\n  - configmaps\n  verbs:\n  - create\n  - update\n- apiGroups:\n  - \"\"\n  resources:\n  - events\n  verbs:\n  - create\n  - patch\n- apiGroups:\n  - networking.k8s.io\n  resources:\n  - ingresses\n  verbs:\n  - get\n  - list\n  - watch\n- apiGroups:\n  - networking.k8s.io\n  resources:\n  - ingresses/status\n  verbs:\n  - update\n- apiGroups:\n  - networking.k8s.io\n  resources:\n  - ingressclasses\n  verbs:\n  - get\n  - list\n  - watch\n- apiGroups:\n  - coordination.k8s.io\n  resources:\n  - leases\n  verbs:\n  - list\n  - watch\n  - get\n  - create\n  - update\n- apiGroups:\n  - discovery.k8s.io\n  resources:\n  - endpointslices\n  verbs:\n  - get\n  - list\n  - watch\n",
            "yaml_incluster": "ffc585eefa92f13a386904c1ad655f731688a616c627a006a22182cb269d4d9f"
          },
          "sensitive_attributes": [
            [
              {
                "type": "get_attr",
                "value": "live_manifest_incluster"
              }
            ],
            [
              {
                "type": "get_attr",
                "value": "yaml_incluster"
              }
            ],
            [
              {
                "type": "get_attr",
                "value": "yaml_body"
              }
            ]
          ],
          "private": "eyJlMmJmYjczMC1lY2FhLTExZTYtOGY4OC0zNDM2M2JjN2M0YzAiOnsiY3JlYXRlIjo2MDAwMDAwMDAwMDB9LCJzY2hlbWFfdmVyc2lvbiI6IjEifQ==",
          "dependencies": [
            "data.kubectl_file_documents.ingress_controller"
          ]
        }
      ]
    },
    {
      "mode": "managed",
      "type": "kubectl_manifest",
      "name": "linkedlist",
      "provider": "provider[\"registry.terraform.io/gavinbunney/kubectl\"]",
      "instances": [
        {
          "index_key": "/api/v1/services/linkedlist-service",
          "schema_version": 1,
          "attributes": {
            "api_version": "v1",
            "apply_only": false,
            "force_conflicts": false,
            "force_new": false,
            "id": "/api/v1/namespaces/default/services/linkedlist-service",
            "ignore_fields": null,
            "kind": "Service",
            "live_manifest_incluster": "6eae23fa1662a758714de6532a02ffcae4e1b3306411befa960fd716e59ad833",
            "live_uid": "591b782c-de8b-46d0-bca0-9ddc9aa3d75b",
            "name": "linkedlist-service",
            "namespace": null,
            "override_namespace": null,
            "sensitive_fields": null,
            "server_side_apply": false,
            "timeouts": null,
            "uid": "591b782c-de8b-46d0-bca0-9ddc9aa3d75b",
            "validate_schema": true,
            "wait": null,
            "wait_for_rollout": true,
            "yaml_body": "apiVersion: v1\nkind: Service\nmetadata:\n  name: linkedlist-service\nspec:\n  ports:\n  - port: 5002\n    targetPort: 5002\n  selector:\n    app: linkedlist\n  type: ClusterIP\n",
            "yaml_body_parsed": "apiVersion: v1\nkind: Service\nmetadata:\n  name: linkedlist-service\nspec:\n  ports:\n  - port: 5002\n    targetPort: 5002\n  selector:\n    app: linkedlist\n  type: ClusterIP\n",
            "yaml_incluster": "6eae23fa1662a758714de6532a02ffcae4e1b3306411befa960fd716e59ad833"
          },
          "sensitive_attributes": [
            [
              {
                "type": "get_attr",
                "value": "live_manifest_incluster"
              }
            ],
            [
              {
                "type": "get_attr",
                "value": "yaml_incluster"
              }
            ],
            [
              {
                "type": "get_attr",
                "value": "yaml_body"
              }
            ]
          ],
          "private": "eyJlMmJmYjczMC1lY2FhLTExZTYtOGY4OC0zNDM2M2JjN2M0YzAiOnsiY3JlYXRlIjo2MDAwMDAwMDAwMDB9LCJzY2hlbWFfdmVyc2lvbiI6IjEifQ==",
          "dependencies": [
            "data.kubectl_file_documents.linkedlist"
          ]
        },
        {
          "index_key": "/apis/apps/v1/deployments/linkedlist-deployment",
          "schema_version": 1,
          "attributes": {
            "api_version": "apps/v1",
            "apply_only": false,
            "force_conflicts": false,
            "force_new": false,
            "id": "/apis/apps/v1/namespaces/default/deployments/linkedlist-deployment",
            "ignore_fields": null,
            "kind": "Deployment",
            "live_manifest_incluster": "079b214352cc93305c8b60e011c6c3e1828f5c9c3c8e959df642621fec158c9f",
            "live_uid": "d5ba790b-9769-42dc-afe1-badf2035371c",
            "name": "linkedlist-deployment",
            "namespace": null,
            "override_namespace": null,
            "sensitive_fields": null,
            "server_side_apply": false,
            "timeouts": null,
            "uid": "d5ba790b-9769-42dc-afe1-badf2035371c",
            "validate_schema": true,
            "wait": null,
            "wait_for_rollout": true,
            "yaml_body": "apiVersion: apps/v1\nkind: Deployment\nmetadata:\n  name: linkedlist-deployment\nspec:\n  replicas: 2\n  selector:\n    matchLabels:\n      app: linkedlist\n  template:\n    metadata:\n      labels:\n        app: linkedlist\n    spec:\n      containers:\n      - image: linkedlist-service:latest\n        imagePullPolicy: Never\n        name: linkedlist\n        ports:\n        - containerPort: 5002\n",
            "yaml_body_parsed": "apiVersion: apps/v1\nkind: Deployment\nmetadata:\n  name: linkedlist-deployment\nspec:\n  replicas: 2\n  selector:\n    matchLabels:\n      app: linkedlist\n  template:\n    metadata:\n      labels:\n        app: linkedlist\n    spec:\n      containers:\n      - image: linkedlist-service:latest\n        imagePullPolicy: Never\n        name: linkedlist\n        ports:\n        - containerPort: 5002\n",
            "yaml_incluster": "079b214352cc93305c8b60e011c6c3e1828f5c9c3c8e959df642621fec158c9f"
          },
          "sensitive_attributes": [
            [
              {
                "type": "get_attr",
                "value": "yaml_body"
              }
            ],
            [
              {
                "type": "get_attr",
                "value": "yaml_incluster"
              }
            ],
            [
              {
                "type": "get_attr",
                "value": "live_manifest_incluster"
              }
            ]
          ],
          "private": "eyJlMmJmYjczMC1lY2FhLTExZTYtOGY4OC0zNDM2M2JjN2M0YzAiOnsiY3JlYXRlIjo2MDAwMDAwMDAwMDB9LCJzY2hlbWFfdmVyc2lvbiI6IjEifQ==",
          "dependencies": [
            "data.kubectl_file_documents.linkedlist"
          ]
        }
      ]
    },
    {
      "mode": "managed",
      "type": "kubectl_manifest",
      "name": "stack",
      "provider": "provider[\"registry.terraform.io/gavinbunney/kubectl\"]",
      "instances": [
        {
          "index_key": "/api/v1/services/stack-service",
          "schema_version": 1,
          "attributes": {
            "api_version": "v1",
            "apply_only": false,
            "force_conflicts": false,
            "force_new": false,
            "id": "/api/v1/namespaces/default/services/stack-service",
            "ignore_fields": null,
            "kind": "Service",
            "live_manifest_incluster": "91a90e2745a4b6892875c51a7eb03e4d3e01ff1e901b4c59b103f8eb4cdcdab6",
            "live_uid": "e79350b3-89b7-4e2c-b972-442bff4ad821",
            "name": "stack-service",
            "namespace": null,
            "override_namespace": null,
            "sensitive_fields": null,
            "server_side_apply": false,
            "timeouts": null,
            "uid": "e79350b3-89b7-4e2c-b972-442bff4ad821",
            "validate_schema": true,
            "wait": null,
            "wait_for_rollout": true,
            "yaml_body": "apiVersion: v1\nkind: Service\nmetadata:\n  name: stack-service\nspec:\n  ports:\n  - port: 5001\n    targetPort: 5001\n  selector:\n    app: stack\n  type: ClusterIP\n",
            "yaml_body_parsed": "apiVersion: v1\nkind: Service\nmetadata:\n  name: stack-service\nspec:\n  ports:\n  - port: 5001\n    targetPort: 5001\n  selector:\n    app: stack\n  type: ClusterIP\n",
            "yaml_incluster": "91a90e2745a4b6892875c51a7eb03e4d3e01ff1e901b4c59b103f8eb4cdcdab6"
          },
          "sensitive_attributes": [
            [
              {
                "type": "get_attr",
                "value": "yaml_body"
              }
            ],
            [
              {
                "type": "get_attr",
                "value": "live_manifest_incluster"
              }
            ],
            [
              {
                "type": "get_attr",
                "value": "yaml_incluster"
              }
            ]
          ],
          "private": "eyJlMmJmYjczMC1lY2FhLTExZTYtOGY4OC0zNDM2M2JjN2M0YzAiOnsiY3JlYXRlIjo2MDAwMDAwMDAwMDB9LCJzY2hlbWFfdmVyc2lvbiI6IjEifQ==",
          "dependencies": [
            "data.kubectl_file_documents.stack"
          ]
        },
        {
          "index_key": "/apis/apps/v1/deployments/stack-deployment",
          "schema_version": 1,
          "attributes": {
            "api_version": "apps/v1",
            "apply_only": false,
            "force_conflicts": false,
            "force_new": false,
            "id": "/apis/apps/v1/namespaces/default/deployments/stack-deployment",
            "ignore_fields": null,
            "kind": "Deployment",
            "live_manifest_incluster": "98b6457ed26333b2635ef5c87e98489c6a6d3636979c34a12f08a57441c37029",
            "live_uid": "4567771e-2585-4fc5-b302-8fc237a26175",
            "name": "stack-deployment",
            "namespace": null,
            "override_namespace": null,
            "sensitive_fields": null,
            "server_side_apply": false,
            "timeouts": null,
            "uid": "4567771e-2585-4fc5-b302-8fc237a26175",
            "validate_schema": true,
            "wait": null,
            "wait_for_rollout": true,
            "yaml_body": "apiVersion: apps/v1\nkind: Deployment\nmetadata:\n  name: stack-deployment\nspec:\n  replicas: 2\n  selector:\n    matchLabels:\n      app: stack\n  template:\n    metadata:\n      labels:\n        app: stack\n    spec:\n      containers:\n      - image: stack-service:latest\n        imagePullPolicy: Never\n        name: stack\n        ports:\n        - containerPort: 5001\n",
            "yaml_body_parsed": "apiVersion: apps/v1\nkind: Deployment\nmetadata:\n  name: stack-deployment\nspec:\n  replicas: 2\n  selector:\n    matchLabels:\n      app: stack\n  template:\n    metadata:\n      labels:\n        app: stack\n    spec:\n      containers:\n      - image: stack-service:latest\n        imagePullPolicy: Never\n        name: stack\n        ports:\n        - containerPort: 5001\n",
            "yaml_incluster": "98b6457ed26333b2635ef5c87e98489c6a6d3636979c34a12f08a57441c37029"
          },
          "sensitive_attributes": [
            [
              {
                "type": "get_attr",
                "value": "yaml_incluster"
              }
            ],
            [
              {
                "type": "get_attr",
                "value": "yaml_body"
              }
            ],
            [
              {
                "type": "get_attr",
                "value": "live_manifest_incluster"
              }
            ]
          ],
          "private": "eyJlMmJmYjczMC1lY2FhLTExZTYtOGY4OC0zNDM2M2JjN2M0YzAiOnsiY3JlYXRlIjo2MDAwMDAwMDAwMDB9LCJzY2hlbWFfdmVyc2lvbiI6IjEifQ==",
          "dependencies": [
            "data.kubectl_file_documents.stack"
          ]
        }
      ]
    },
    {
      "mode": "managed",
      "type": "kubectl_manifest",
      "name": "ui",
      "provider": "provider[\"registry.terraform.io/gavinbunney/kubectl\"]",
      "instances": [
        {
          "index_key": "/api/v1/services/ui-service",
          "schema_version": 1,
          "attributes": {
            "api_version": "v1",
            "apply_only": false,
            "force_conflicts": false,
            "force_new": false,
            "id": "/api/v1/namespaces/default/services/ui-service",
            "ignore_fields": null,
            "kind": "Service",
            "live_manifest_incluster": "ad17a8c96788212ecf193c557d71b10ba543e94ca5d64be3303c6f5ef11cdceb",
            "live_uid": "27f04ce8-5bf5-446b-b897-cb44ee5db5aa",
            "name": "ui-service",
            "namespace": null,
            "override_namespace": null,
            "sensitive_fields": null,
            "server_side_apply": false,
            "timeouts": null,
            "uid": "27f04ce8-5bf5-446b-b897-cb44ee5db5aa",
            "validate_schema": true,
            "wait": null,
            "wait_for_rollout": true,
            "yaml_body": "apiVersion: v1\nkind: Service\nmetadata:\n  name: ui-service\nspec:\n  ports:\n  - port: 80\n    targetPort: 80\n  selector:\n    app: ui\n  type: ClusterIP\n",
            "yaml_body_parsed": "apiVersion: v1\nkind: Service\nmetadata:\n  name: ui-service\nspec:\n  ports:\n  - port: 80\n    targetPort: 80\n  selector:\n    app: ui\n  type: ClusterIP\n",
            "yaml_incluster": "ad17a8c96788212ecf193c557d71b10ba543e94ca5d64be3303c6f5ef11cdceb"
          },
          "sensitive_attributes": [
            [
              {
                "type": "get_attr",
                "value": "live_manifest_incluster"
              }
            ],
            [
              {
                "type": "get_attr",
                "value": "yaml_body"
              }
            ],
            [
              {
                "type": "get_attr",
                "value": "yaml_incluster"
              }
            ]
          ],
          "private": "eyJlMmJmYjczMC1lY2FhLTExZTYtOGY4OC0zNDM2M2JjN2M0YzAiOnsiY3JlYXRlIjo2MDAwMDAwMDAwMDB9LCJzY2hlbWFfdmVyc2lvbiI6IjEifQ==",
          "dependencies": [
            "data.kubectl_file_documents.ui"
          ]
        },
        {
          "index_key": "/apis/apps/v1/deployments/ui-deployment",
          "schema_version": 1,
          "attributes": {
            "api_version": "apps/v1",
            "apply_only": false,
            "force_conflicts": false,
            "force_new": false,
            "id": "/apis/apps/v1/namespaces/default/deployments/ui-deployment",
            "ignore_fields": null,
            "kind": "Deployment",
            "live_manifest_incluster": "d5eb6cda7a8bd9a7f7c9ad5a9fbc409df7d5fa1cb969bb1ccdab92217ee08e4b",
            "live_uid": "fc41f3d4-be36-433b-9d09-80f0ca64bf58",
            "name": "ui-deployment",
            "namespace": null,
            "override_namespace": null,
            "sensitive_fields": null,
            "server_side_apply": false,
            "timeouts": null,
            "uid": "fc41f3d4-be36-433b-9d09-80f0ca64bf58",
            "validate_schema": true,
            "wait": null,
            "wait_for_rollout": true,
            "yaml_body": "apiVersion: apps/v1\nkind: Deployment\nmetadata:\n  name: ui-deployment\nspec:\n  replicas: 2\n  selector:\n    matchLabels:\n      app: ui\n  template:\n    metadata:\n      labels:\n        app: ui\n    spec:\n      containers:\n      - image: ui-service:latest\n        imagePullPolicy: Never\n        name: ui\n        ports:\n        - containerPort: 80\n",
            "yaml_body_parsed": "apiVersion: apps/v1\nkind: Deployment\nmetadata:\n  name: ui-deployment\nspec:\n  replicas: 2\n  selector:\n    matchLabels:\n      app: ui\n  template:\n    metadata:\n      labels:\n        app: ui\n    spec:\n      containers:\n      - image: ui-service:latest\n        imagePullPolicy: Never\n        name: ui\n        ports:\n        - containerPort: 80\n",
            "yaml_incluster": "d5eb6cda7a8bd9a7f7c9ad5a9fbc409df7d5fa1cb969bb1ccdab92217ee08e4b"
          },
          "sensitive_attributes": [
            [
              {
                "type": "get_attr",
                "value": "yaml_incluster"
              }
            ],
            [
              {
                "type": "get_attr",
                "value": "live_manifest_incluster"
              }
            ],
            [
              {
                "type": "get_attr",
                "value": "yaml_body"
              }
            ]
          ],
          "private": "eyJlMmJmYjczMC1lY2FhLTExZTYtOGY4OC0zNDM2M2JjN2M0YzAiOnsiY3JlYXRlIjo2MDAwMDAwMDAwMDB9LCJzY2hlbWFfdmVyc2lvbiI6IjEifQ==",
          "dependencies": [
            "data.kubectl_file_documents.ui"
          ]
        }
      ]
    }
  ],
  "check_results": null
}
